
Microsoft Visual Studio Solution File, Format Version 12.00
# Visual Studio Version 17
VisualStudioVersion = 17.8.34525.116
MinimumVisualStudioVersion = 10.0.40219.1
Project("{FAE04EC0-301F-11D3-BF4B-00C04F79EFBC}") = "P1AFm", "P1AFm\P1AFm.csproj", "{06F3CB46-AC86-43DB-9CE8-A63FDEC7D5C7}"
EndProject
Global
	GlobalSection(SolutionConfigurationPlatforms) = preSolution
		Debug|Any CPU = Debug|Any CPU
		Release|Any CPU = Release|Any CPU
	EndGlobalSection
	GlobalSection(ProjectConfigurationPlatforms) = postSolution
		{06F3CB46-AC86-43DB-9CE8-A63FDEC7D5C7}.Debug|Any CPU.ActiveCfg = Debug|Any CPU
		{06F3CB46-AC86-43DB-9CE8-A63FDEC7D5C7}.Debug|Any CPU.Build.0 = Debug|Any CPU
		{06F3CB46-AC86-43DB-9CE8-A63FDEC7D5C7}.Release|Any CPU.ActiveCfg = Release|Any CPU
		{06F3CB46-AC86-43DB-9CE8-A63FDEC7D5C7}.Release|Any CPU.Build.0 = Release|Any CPU
	EndGlobalSection
	GlobalSection(SolutionProperties) = preSolution
		HideSolutionNode = FALSE
	EndGlobalSection
	GlobalSection(ExtensibilityGlobals) = postSolution
		SolutionGuid = {6734C58E-2551-4F22-ACA8-B144E431FBEA}
	EndGlobalSection
EndGlobal
